
Microsoft Visual Studio Solution File, Format Version 12.00
# Visual Studio Version 17
VisualStudioVersion = 17.1.32210.238
MinimumVisualStudioVersion = 10.0.40219.1
Project("{FAE04EC0-301F-11D3-BF4B-00C04F79EFBC}") = "FinTectEx", "FinTectEx.csproj", "{DB91A7B5-6B5D-4720-AE8B-E03AD779A491}"
EndProject
Global
	GlobalSection(SolutionConfigurationPlatforms) = preSolution
		Debug|Any CPU = Debug|Any CPU
		Release|Any CPU = Release|Any CPU
	EndGlobalSection
	GlobalSection(ProjectConfigurationPlatforms) = postSolution
		{DB91A7B5-6B5D-4720-AE8B-E03AD779A491}.Debug|Any CPU.ActiveCfg = Debug|Any CPU
		{DB91A7B5-6B5D-4720-AE8B-E03AD779A491}.Debug|Any CPU.Build.0 = Debug|Any CPU
		{DB91A7B5-6B5D-4720-AE8B-E03AD779A491}.Release|Any CPU.ActiveCfg = Release|Any CPU
		{DB91A7B5-6B5D-4720-AE8B-E03AD779A491}.Release|Any CPU.Build.0 = Release|Any CPU
	EndGlobalSection
	GlobalSection(SolutionProperties) = preSolution
		HideSolutionNode = FALSE
	EndGlobalSection
	GlobalSection(ExtensibilityGlobals) = postSolution
		SolutionGuid = {056C93A7-C49C-4178-9274-1FF760D1B30E}
	EndGlobalSection
EndGlobal
